// !$*UTF8*$!
{
	archiveVersion = 1;
	classes = {
	};
	objectVersion = 46;
	objects = {

/* Begin PBXBuildFile section */
		35513B281EA6A4580060A85C /* DownloaderFactory.swift in Sources */ = {isa = PBXBuildFile; fileRef = 35513B271EA6A4580060A85C /* DownloaderFactory.swift */; };
		35513B2A1EA6A4850060A85C /* Utilities.swift in Sources */ = {isa = PBXBuildFile; fileRef = 35513B291EA6A4850060A85C /* Utilities.swift */; };
		35513B301EA6CE190060A85C /* UIImage + RemoteDownloaded.swift in Sources */ = {isa = PBXBuildFile; fileRef = 35513B2F1EA6CE190060A85C /* UIImage + RemoteDownloaded.swift */; };
		356566131EA4ED7A00D739A0 /* BaseEntity.swift in Sources */ = {isa = PBXBuildFile; fileRef = 356566111EA4ED7A00D739A0 /* BaseEntity.swift */; };
		356566141EA4ED7A00D739A0 /* User.swift in Sources */ = {isa = PBXBuildFile; fileRef = 356566121EA4ED7A00D739A0 /* User.swift */; };
		356566161EA4F0FA00D739A0 /* Picture.swift in Sources */ = {isa = PBXBuildFile; fileRef = 356566151EA4F0FA00D739A0 /* Picture.swift */; };
		356566181EA4F6DE00D739A0 /* Category.swift in Sources */ = {isa = PBXBuildFile; fileRef = 356566171EA4F6DE00D739A0 /* Category.swift */; };
		3565661B1EA57DD700D739A0 /* ImageFileDownloader.swift in Sources */ = {isa = PBXBuildFile; fileRef = 3565661A1EA57DD700D739A0 /* ImageFileDownloader.swift */; };
		3565661D1EA57DF600D739A0 /* TextFileDownloader.swift in Sources */ = {isa = PBXBuildFile; fileRef = 3565661C1EA57DF600D739A0 /* TextFileDownloader.swift */; };
		3565661F1EA57E0B00D739A0 /* JSONFileDownloader.swift in Sources */ = {isa = PBXBuildFile; fileRef = 3565661E1EA57E0B00D739A0 /* JSONFileDownloader.swift */; };
		356566211EA57E1A00D739A0 /* CacheManager.swift in Sources */ = {isa = PBXBuildFile; fileRef = 356566201EA57E1A00D739A0 /* CacheManager.swift */; };
		356566231EA57E2800D739A0 /* RemoteFileDownloader.swift in Sources */ = {isa = PBXBuildFile; fileRef = 356566221EA57E2800D739A0 /* RemoteFileDownloader.swift */; };
		356566251EA57EA500D739A0 /* BaseFileDownloader.swift in Sources */ = {isa = PBXBuildFile; fileRef = 356566241EA57EA500D739A0 /* BaseFileDownloader.swift */; };
		3565C5F81EA3C1CF00C696DE /* AppDelegate.swift in Sources */ = {isa = PBXBuildFile; fileRef = 3565C5F71EA3C1CF00C696DE /* AppDelegate.swift */; };
		3565C5FD1EA3C1CF00C696DE /* Main.storyboard in Resources */ = {isa = PBXBuildFile; fileRef = 3565C5FB1EA3C1CF00C696DE /* Main.storyboard */; };
		3565C5FF1EA3C1CF00C696DE /* Assets.xcassets in Resources */ = {isa = PBXBuildFile; fileRef = 3565C5FE1EA3C1CF00C696DE /* Assets.xcassets */; };
		3565C6021EA3C1CF00C696DE /* LaunchScreen.storyboard in Resources */ = {isa = PBXBuildFile; fileRef = 3565C6001EA3C1CF00C696DE /* LaunchScreen.storyboard */; };
		3565C6191EA3F21B00C696DE /* BaseViewController.swift in Sources */ = {isa = PBXBuildFile; fileRef = 3565C6181EA3F21B00C696DE /* BaseViewController.swift */; };
		3565C61B1EA3F22600C696DE /* MainViewController.swift in Sources */ = {isa = PBXBuildFile; fileRef = 3565C61A1EA3F22600C696DE /* MainViewController.swift */; };
		3565C61D1EA3F25100C696DE /* DetailsViewController.swift in Sources */ = {isa = PBXBuildFile; fileRef = 3565C61C1EA3F25100C696DE /* DetailsViewController.swift */; };
		3565C6201EA3F96C00C696DE /* ImagesListCollectionViewCell.swift in Sources */ = {isa = PBXBuildFile; fileRef = 3565C61F1EA3F96C00C696DE /* ImagesListCollectionViewCell.swift */; };
		3565C6331EA41D2500C696DE /* Localizable.strings in Resources */ = {isa = PBXBuildFile; fileRef = 3565C6291EA41D2500C696DE /* Localizable.strings */; };
		3565C63E1EA443ED00C696DE /* BaseManager.swift in Sources */ = {isa = PBXBuildFile; fileRef = 3565C6361EA443ED00C696DE /* BaseManager.swift */; };
		3565C63F1EA443ED00C696DE /* CommunicationManager.swift in Sources */ = {isa = PBXBuildFile; fileRef = 3565C6371EA443ED00C696DE /* CommunicationManager.swift */; };
		3565C6401EA443ED00C696DE /* DataManager.swift in Sources */ = {isa = PBXBuildFile; fileRef = 3565C6381EA443ED00C696DE /* DataManager.swift */; };
		3565C6411EA443ED00C696DE /* EntityFactory.swift in Sources */ = {isa = PBXBuildFile; fileRef = 3565C6391EA443ED00C696DE /* EntityFactory.swift */; };
		3565C6451EA443ED00C696DE /* ThemeManager.swift in Sources */ = {isa = PBXBuildFile; fileRef = 3565C63D1EA443ED00C696DE /* ThemeManager.swift */; };
		9B85FACE0C1E8750F62AE2F4 /* Pods_Mindvalley_Test.framework in Frameworks */ = {isa = PBXBuildFile; fileRef = B1CBBD5DEA2E7E98A74C54E4 /* Pods_Mindvalley_Test.framework */; };
/* End PBXBuildFile section */

/* Begin PBXFileReference section */
		35513B271EA6A4580060A85C /* DownloaderFactory.swift */ = {isa = PBXFileReference; fileEncoding = 4; lastKnownFileType = sourcecode.swift; path = DownloaderFactory.swift; sourceTree = "<group>"; };
		35513B291EA6A4850060A85C /* Utilities.swift */ = {isa = PBXFileReference; fileEncoding = 4; lastKnownFileType = sourcecode.swift; path = Utilities.swift; sourceTree = "<group>"; };
		35513B2F1EA6CE190060A85C /* UIImage + RemoteDownloaded.swift */ = {isa = PBXFileReference; fileEncoding = 4; lastKnownFileType = sourcecode.swift; path = "UIImage + RemoteDownloaded.swift"; sourceTree = "<group>"; };
		356566111EA4ED7A00D739A0 /* BaseEntity.swift */ = {isa = PBXFileReference; fileEncoding = 4; lastKnownFileType = sourcecode.swift; path = BaseEntity.swift; sourceTree = "<group>"; };
		356566121EA4ED7A00D739A0 /* User.swift */ = {isa = PBXFileReference; fileEncoding = 4; lastKnownFileType = sourcecode.swift; path = User.swift; sourceTree = "<group>"; };
		356566151EA4F0FA00D739A0 /* Picture.swift */ = {isa = PBXFileReference; fileEncoding = 4; lastKnownFileType = sourcecode.swift; path = Picture.swift; sourceTree = "<group>"; };
		356566171EA4F6DE00D739A0 /* Category.swift */ = {isa = PBXFileReference; fileEncoding = 4; lastKnownFileType = sourcecode.swift; path = Category.swift; sourceTree = "<group>"; };
		3565661A1EA57DD700D739A0 /* ImageFileDownloader.swift */ = {isa = PBXFileReference; fileEncoding = 4; lastKnownFileType = sourcecode.swift; path = ImageFileDownloader.swift; sourceTree = "<group>"; };
		3565661C1EA57DF600D739A0 /* TextFileDownloader.swift */ = {isa = PBXFileReference; fileEncoding = 4; lastKnownFileType = sourcecode.swift; path = TextFileDownloader.swift; sourceTree = "<group>"; };
		3565661E1EA57E0B00D739A0 /* JSONFileDownloader.swift */ = {isa = PBXFileReference; fileEncoding = 4; lastKnownFileType = sourcecode.swift; path = JSONFileDownloader.swift; sourceTree = "<group>"; };
		356566201EA57E1A00D739A0 /* CacheManager.swift */ = {isa = PBXFileReference; fileEncoding = 4; lastKnownFileType = sourcecode.swift; path = CacheManager.swift; sourceTree = "<group>"; };
		356566221EA57E2800D739A0 /* RemoteFileDownloader.swift */ = {isa = PBXFileReference; fileEncoding = 4; lastKnownFileType = sourcecode.swift; path = RemoteFileDownloader.swift; sourceTree = "<group>"; };
		356566241EA57EA500D739A0 /* BaseFileDownloader.swift */ = {isa = PBXFileReference; fileEncoding = 4; lastKnownFileType = sourcecode.swift; path = BaseFileDownloader.swift; sourceTree = "<group>"; };
		3565C5F41EA3C1CF00C696DE /* Mindvalley Test.app */ = {isa = PBXFileReference; explicitFileType = wrapper.application; includeInIndex = 0; path = "Mindvalley Test.app"; sourceTree = BUILT_PRODUCTS_DIR; };
		3565C5F71EA3C1CF00C696DE /* AppDelegate.swift */ = {isa = PBXFileReference; lastKnownFileType = sourcecode.swift; path = AppDelegate.swift; sourceTree = "<group>"; };
		3565C5FC1EA3C1CF00C696DE /* Base */ = {isa = PBXFileReference; lastKnownFileType = file.storyboard; name = Base; path = Base.lproj/Main.storyboard; sourceTree = "<group>"; };
		3565C5FE1EA3C1CF00C696DE /* Assets.xcassets */ = {isa = PBXFileReference; lastKnownFileType = folder.assetcatalog; path = Assets.xcassets; sourceTree = "<group>"; };
		3565C6011EA3C1CF00C696DE /* Base */ = {isa = PBXFileReference; lastKnownFileType = file.storyboard; name = Base; path = Base.lproj/LaunchScreen.storyboard; sourceTree = "<group>"; };
		3565C6031EA3C1CF00C696DE /* Info.plist */ = {isa = PBXFileReference; lastKnownFileType = text.plist.xml; path = Info.plist; sourceTree = "<group>"; };
		3565C6181EA3F21B00C696DE /* BaseViewController.swift */ = {isa = PBXFileReference; fileEncoding = 4; lastKnownFileType = sourcecode.swift; path = BaseViewController.swift; sourceTree = "<group>"; };
		3565C61A1EA3F22600C696DE /* MainViewController.swift */ = {isa = PBXFileReference; fileEncoding = 4; lastKnownFileType = sourcecode.swift; path = MainViewController.swift; sourceTree = "<group>"; };
		3565C61C1EA3F25100C696DE /* DetailsViewController.swift */ = {isa = PBXFileReference; fileEncoding = 4; lastKnownFileType = sourcecode.swift; path = DetailsViewController.swift; sourceTree = "<group>"; };
		3565C61F1EA3F96C00C696DE /* ImagesListCollectionViewCell.swift */ = {isa = PBXFileReference; fileEncoding = 4; lastKnownFileType = sourcecode.swift; path = ImagesListCollectionViewCell.swift; sourceTree = "<group>"; };
		3565C62B1EA41D2500C696DE /* Base */ = {isa = PBXFileReference; lastKnownFileType = text.plist.strings; name = Base; path = Base.lproj/Localizable.strings; sourceTree = "<group>"; };
		3565C62C1EA41D2500C696DE /* en */ = {isa = PBXFileReference; lastKnownFileType = text.plist.strings; name = en; path = en.lproj/Localizable.strings; sourceTree = "<group>"; };
		3565C6361EA443ED00C696DE /* BaseManager.swift */ = {isa = PBXFileReference; fileEncoding = 4; lastKnownFileType = sourcecode.swift; path = BaseManager.swift; sourceTree = "<group>"; };
		3565C6371EA443ED00C696DE /* CommunicationManager.swift */ = {isa = PBXFileReference; fileEncoding = 4; lastKnownFileType = sourcecode.swift; path = CommunicationManager.swift; sourceTree = "<group>"; };
		3565C6381EA443ED00C696DE /* DataManager.swift */ = {isa = PBXFileReference; fileEncoding = 4; lastKnownFileType = sourcecode.swift; path = DataManager.swift; sourceTree = "<group>"; };
		3565C6391EA443ED00C696DE /* EntityFactory.swift */ = {isa = PBXFileReference; fileEncoding = 4; lastKnownFileType = sourcecode.swift; path = EntityFactory.swift; sourceTree = "<group>"; };
		3565C63D1EA443ED00C696DE /* ThemeManager.swift */ = {isa = PBXFileReference; fileEncoding = 4; lastKnownFileType = sourcecode.swift; path = ThemeManager.swift; sourceTree = "<group>"; };
		B1CBBD5DEA2E7E98A74C54E4 /* Pods_Mindvalley_Test.framework */ = {isa = PBXFileReference; explicitFileType = wrapper.framework; includeInIndex = 0; path = Pods_Mindvalley_Test.framework; sourceTree = BUILT_PRODUCTS_DIR; };
		F0949CC155382301DA1D6440 /* Pods-Mindvalley Test.release.xcconfig */ = {isa = PBXFileReference; includeInIndex = 1; lastKnownFileType = text.xcconfig; name = "Pods-Mindvalley Test.release.xcconfig"; path = "Pods/Target Support Files/Pods-Mindvalley Test/Pods-Mindvalley Test.release.xcconfig"; sourceTree = "<group>"; };
		F16620A47D41E9EB960F7BCF /* Pods-Mindvalley Test.debug.xcconfig */ = {isa = PBXFileReference; includeInIndex = 1; lastKnownFileType = text.xcconfig; name = "Pods-Mindvalley Test.debug.xcconfig"; path = "Pods/Target Support Files/Pods-Mindvalley Test/Pods-Mindvalley Test.debug.xcconfig"; sourceTree = "<group>"; };
/* End PBXFileReference section */

/* Begin PBXFrameworksBuildPhase section */
		3565C5F11EA3C1CF00C696DE /* Frameworks */ = {
			isa = PBXFrameworksBuildPhase;
			buildActionMask = 2147483647;
			files = (
				9B85FACE0C1E8750F62AE2F4 /* Pods_Mindvalley_Test.framework in Frameworks */,
			);
			runOnlyForDeploymentPostprocessing = 0;
		};
/* End PBXFrameworksBuildPhase section */

/* Begin PBXGroup section */
		356566191EA57B2B00D739A0 /* Remote Files Downloader */ = {
			isa = PBXGroup;
			children = (
				356566241EA57EA500D739A0 /* BaseFileDownloader.swift */,
				3565661A1EA57DD700D739A0 /* ImageFileDownloader.swift */,
				3565661C1EA57DF600D739A0 /* TextFileDownloader.swift */,
				3565661E1EA57E0B00D739A0 /* JSONFileDownloader.swift */,
				356566201EA57E1A00D739A0 /* CacheManager.swift */,
				35513B271EA6A4580060A85C /* DownloaderFactory.swift */,
				356566221EA57E2800D739A0 /* RemoteFileDownloader.swift */,
				35513B291EA6A4850060A85C /* Utilities.swift */,
				35513B2F1EA6CE190060A85C /* UIImage + RemoteDownloaded.swift */,
			);
			path = "Remote Files Downloader";
			sourceTree = "<group>";
		};
		3565C5EB1EA3C1CF00C696DE = {
			isa = PBXGroup;
			children = (
				3565C5F61EA3C1CF00C696DE /* Mindvalley Test */,
				3565C5F51EA3C1CF00C696DE /* Products */,
				764D8973441803CB792D4D64 /* Pods */,
				FBCDBE3641B9459BE800D233 /* Frameworks */,
			);
			sourceTree = "<group>";
		};
		3565C5F51EA3C1CF00C696DE /* Products */ = {
			isa = PBXGroup;
			children = (
				3565C5F41EA3C1CF00C696DE /* Mindvalley Test.app */,
			);
			name = Products;
			sourceTree = "<group>";
		};
		3565C5F61EA3C1CF00C696DE /* Mindvalley Test */ = {
			isa = PBXGroup;
			children = (
				3565C6111EA3C7C700C696DE /* External */,
				3565C6121EA3C7C700C696DE /* Model */,
				3565C6161EA3C7C700C696DE /* View */,
				3565C6171EA3C7C700C696DE /* View Controller  */,
				3565C5F71EA3C1CF00C696DE /* AppDelegate.swift */,
				3565C5FB1EA3C1CF00C696DE /* Main.storyboard */,
				3565C6211EA41D2500C696DE /* Other Resources */,
				3565C5FE1EA3C1CF00C696DE /* Assets.xcassets */,
				3565C6001EA3C1CF00C696DE /* LaunchScreen.storyboard */,
				3565C6031EA3C1CF00C696DE /* Info.plist */,
			);
			path = "Mindvalley Test";
			sourceTree = "<group>";
		};
		3565C6111EA3C7C700C696DE /* External */ = {
			isa = PBXGroup;
			children = (
				356566191EA57B2B00D739A0 /* Remote Files Downloader */,
			);
			path = External;
			sourceTree = "<group>";
		};
		3565C6121EA3C7C700C696DE /* Model */ = {
			isa = PBXGroup;
			children = (
				3565C6131EA3C7C700C696DE /* Entity */,
				3565C6141EA3C7C700C696DE /* Helper */,
				3565C6151EA3C7C700C696DE /* Manager */,
			);
			path = Model;
			sourceTree = "<group>";
		};
		3565C6131EA3C7C700C696DE /* Entity */ = {
			isa = PBXGroup;
			children = (
				356566111EA4ED7A00D739A0 /* BaseEntity.swift */,
				356566121EA4ED7A00D739A0 /* User.swift */,
				356566151EA4F0FA00D739A0 /* Picture.swift */,
				356566171EA4F6DE00D739A0 /* Category.swift */,
			);
			path = Entity;
			sourceTree = "<group>";
		};
		3565C6141EA3C7C700C696DE /* Helper */ = {
			isa = PBXGroup;
			children = (
			);
			path = Helper;
			sourceTree = "<group>";
		};
		3565C6151EA3C7C700C696DE /* Manager */ = {
			isa = PBXGroup;
			children = (
				3565C6361EA443ED00C696DE /* BaseManager.swift */,
				3565C6371EA443ED00C696DE /* CommunicationManager.swift */,
				3565C6381EA443ED00C696DE /* DataManager.swift */,
				3565C6391EA443ED00C696DE /* EntityFactory.swift */,
				3565C63D1EA443ED00C696DE /* ThemeManager.swift */,
			);
			path = Manager;
			sourceTree = "<group>";
		};
		3565C6161EA3C7C700C696DE /* View */ = {
			isa = PBXGroup;
			children = (
				3565C61E1EA3F8F900C696DE /* Collection View Cell */,
			);
			path = View;
			sourceTree = "<group>";
		};
		3565C6171EA3C7C700C696DE /* View Controller  */ = {
			isa = PBXGroup;
			children = (
				3565C6181EA3F21B00C696DE /* BaseViewController.swift */,
				3565C61A1EA3F22600C696DE /* MainViewController.swift */,
				3565C61C1EA3F25100C696DE /* DetailsViewController.swift */,
			);
			path = "View Controller ";
			sourceTree = "<group>";
		};
		3565C61E1EA3F8F900C696DE /* Collection View Cell */ = {
			isa = PBXGroup;
			children = (
				3565C61F1EA3F96C00C696DE /* ImagesListCollectionViewCell.swift */,
			);
			path = "Collection View Cell";
			sourceTree = "<group>";
		};
		3565C6211EA41D2500C696DE /* Other Resources */ = {
			isa = PBXGroup;
			children = (
				3565C6221EA41D2500C696DE /* Fonts */,
				3565C6281EA41D2500C696DE /* Localization */,
			);
			path = "Other Resources";
			sourceTree = "<group>";
		};
		3565C6221EA41D2500C696DE /* Fonts */ = {
			isa = PBXGroup;
			children = (
			);
			path = Fonts;
			sourceTree = "<group>";
		};
		3565C6281EA41D2500C696DE /* Localization */ = {
			isa = PBXGroup;
			children = (
				3565C6291EA41D2500C696DE /* Localizable.strings */,
			);
			path = Localization;
			sourceTree = "<group>";
		};
		764D8973441803CB792D4D64 /* Pods */ = {
			isa = PBXGroup;
			children = (
				F16620A47D41E9EB960F7BCF /* Pods-Mindvalley Test.debug.xcconfig */,
				F0949CC155382301DA1D6440 /* Pods-Mindvalley Test.release.xcconfig */,
			);
			name = Pods;
			sourceTree = "<group>";
		};
		FBCDBE3641B9459BE800D233 /* Frameworks */ = {
			isa = PBXGroup;
			children = (
				B1CBBD5DEA2E7E98A74C54E4 /* Pods_Mindvalley_Test.framework */,
			);
			name = Frameworks;
			sourceTree = "<group>";
		};
/* End PBXGroup section */

/* Begin PBXNativeTarget section */
		3565C5F31EA3C1CF00C696DE /* Mindvalley Test */ = {
			isa = PBXNativeTarget;
			buildConfigurationList = 3565C6061EA3C1CF00C696DE /* Build configuration list for PBXNativeTarget "Mindvalley Test" */;
			buildPhases = (
				3CEC352AF967029094BF8E97 /* [CP] Check Pods Manifest.lock */,
				3565C5F01EA3C1CF00C696DE /* Sources */,
				3565C5F11EA3C1CF00C696DE /* Frameworks */,
				3565C5F21EA3C1CF00C696DE /* Resources */,
				7C81AF7C12126413ACD009EF /* [CP] Embed Pods Frameworks */,
				078BE159CA2A0132E4430240 /* [CP] Copy Pods Resources */,
			);
			buildRules = (
			);
			dependencies = (
			);
			name = "Mindvalley Test";
			productName = "Mindvalley Test";
			productReference = 3565C5F41EA3C1CF00C696DE /* Mindvalley Test.app */;
			productType = "com.apple.product-type.application";
		};
/* End PBXNativeTarget section */

/* Begin PBXProject section */
		3565C5EC1EA3C1CF00C696DE /* Project object */ = {
			isa = PBXProject;
			attributes = {
				LastSwiftUpdateCheck = 0830;
				LastUpgradeCheck = 0830;
				ORGANIZATIONNAME = "Moaaz Al-Thahabee";
				TargetAttributes = {
					3565C5F31EA3C1CF00C696DE = {
						CreatedOnToolsVersion = 8.3.1;
						DevelopmentTeam = KD87G5Z6MT;
						ProvisioningStyle = Automatic;
					};
				};
			};
			buildConfigurationList = 3565C5EF1EA3C1CF00C696DE /* Build configuration list for PBXProject "Mindvalley Test" */;
			compatibilityVersion = "Xcode 3.2";
			developmentRegion = English;
			hasScannedForEncodings = 0;
			knownRegions = (
				en,
				Base,
				"ar-AE",
				fr,
			);
			mainGroup = 3565C5EB1EA3C1CF00C696DE;
			productRefGroup = 3565C5F51EA3C1CF00C696DE /* Products */;
			projectDirPath = "";
			projectRoot = "";
			targets = (
				3565C5F31EA3C1CF00C696DE /* Mindvalley Test */,
			);
		};
/* End PBXProject section */

/* Begin PBXResourcesBuildPhase section */
		3565C5F21EA3C1CF00C696DE /* Resources */ = {
			isa = PBXResourcesBuildPhase;
			buildActionMask = 2147483647;
			files = (
				3565C6021EA3C1CF00C696DE /* LaunchScreen.storyboard in Resources */,
				3565C6331EA41D2500C696DE /* Localizable.strings in Resources */,
				3565C5FF1EA3C1CF00C696DE /* Assets.xcassets in Resources */,
				3565C5FD1EA3C1CF00C696DE /* Main.storyboard in Resources */,
			);
			runOnlyForDeploymentPostprocessing = 0;
		};
/* End PBXResourcesBuildPhase section */

/* Begin PBXShellScriptBuildPhase section */
		078BE159CA2A0132E4430240 /* [CP] Copy Pods Resources */ = {
			isa = PBXShellScriptBuildPhase;
			buildActionMask = 2147483647;
			files = (
			);
			inputPaths = (
			);
			name = "[CP] Copy Pods Resources";
			outputPaths = (
			);
			runOnlyForDeploymentPostprocessing = 0;
			shellPath = /bin/sh;
			shellScript = "\"${SRCROOT}/Pods/Target Support Files/Pods-Mindvalley Test/Pods-Mindvalley Test-resources.sh\"\n";
			showEnvVarsInLog = 0;
		};
		3CEC352AF967029094BF8E97 /* [CP] Check Pods Manifest.lock */ = {
			isa = PBXShellScriptBuildPhase;
			buildActionMask = 2147483647;
			files = (
			);
			inputPaths = (
			);
			name = "[CP] Check Pods Manifest.lock";
			outputPaths = (
			);
			runOnlyForDeploymentPostprocessing = 0;
			shellPath = /bin/sh;
			shellScript = "diff \"${PODS_ROOT}/../Podfile.lock\" \"${PODS_ROOT}/Manifest.lock\" > /dev/null\nif [ $? != 0 ] ; then\n    # print error to STDERR\n    echo \"error: The sandbox is not in sync with the Podfile.lock. Run 'pod install' or update your CocoaPods installation.\" >&2\n    exit 1\nfi\n";
			showEnvVarsInLog = 0;
		};
		7C81AF7C12126413ACD009EF /* [CP] Embed Pods Frameworks */ = {
			isa = PBXShellScriptBuildPhase;
			buildActionMask = 2147483647;
			files = (
			);
			inputPaths = (
			);
			name = "[CP] Embed Pods Frameworks";
			outputPaths = (
			);
			runOnlyForDeploymentPostprocessing = 0;
			shellPath = /bin/sh;
			shellScript = "\"${SRCROOT}/Pods/Target Support Files/Pods-Mindvalley Test/Pods-Mindvalley Test-frameworks.sh\"\n";
			showEnvVarsInLog = 0;
		};
/* End PBXShellScriptBuildPhase section */

/* Begin PBXSourcesBuildPhase section */
		3565C5F01EA3C1CF00C696DE /* Sources */ = {
			isa = PBXSourcesBuildPhase;
			buildActionMask = 2147483647;
			files = (
				3565C63E1EA443ED00C696DE /* BaseManager.swift in Sources */,
				3565661B1EA57DD700D739A0 /* ImageFileDownloader.swift in Sources */,
				35513B2A1EA6A4850060A85C /* Utilities.swift in Sources */,
				3565C6401EA443ED00C696DE /* DataManager.swift in Sources */,
				3565C61B1EA3F22600C696DE /* MainViewController.swift in Sources */,
				3565C6411EA443ED00C696DE /* EntityFactory.swift in Sources */,
				35513B281EA6A4580060A85C /* DownloaderFactory.swift in Sources */,
				3565C5F81EA3C1CF00C696DE /* AppDelegate.swift in Sources */,
				35513B301EA6CE190060A85C /* UIImage + RemoteDownloaded.swift in Sources */,
				3565661F1EA57E0B00D739A0 /* JSONFileDownloader.swift in Sources */,
				3565C6451EA443ED00C696DE /* ThemeManager.swift in Sources */,
				3565661D1EA57DF600D739A0 /* TextFileDownloader.swift in Sources */,
				356566131EA4ED7A00D739A0 /* BaseEntity.swift in Sources */,
				356566211EA57E1A00D739A0 /* CacheManager.swift in Sources */,
				3565C6201EA3F96C00C696DE /* ImagesListCollectionViewCell.swift in Sources */,
				356566141EA4ED7A00D739A0 /* User.swift in Sources */,
				356566251EA57EA500D739A0 /* BaseFileDownloader.swift in Sources */,
				3565C63F1EA443ED00C696DE /* CommunicationManager.swift in Sources */,
				356566161EA4F0FA00D739A0 /* Picture.swift in Sources */,
				3565C6191EA3F21B00C696DE /* BaseViewController.swift in Sources */,
				3565C61D1EA3F25100C696DE /* DetailsViewController.swift in Sources */,
				356566231EA57E2800D739A0 /* RemoteFileDownloader.swift in Sources */,
				356566181EA4F6DE00D739A0 /* Category.swift in Sources */,
			);
			runOnlyForDeploymentPostprocessing = 0;
		};
/* End PBXSourcesBuildPhase section */

/* Begin PBXVariantGroup section */
		3565C5FB1EA3C1CF00C696DE /* Main.storyboard */ = {
			isa = PBXVariantGroup;
			children = (
				3565C5FC1EA3C1CF00C696DE /* Base */,
			);
			name = Main.storyboard;
			sourceTree = "<group>";
		};
		3565C6001EA3C1CF00C696DE /* LaunchScreen.storyboard */ = {
			isa = PBXVariantGroup;
			children = (
				3565C6011EA3C1CF00C696DE /* Base */,
			);
			name = LaunchScreen.storyboard;
			sourceTree = "<group>";
		};
		3565C6291EA41D2500C696DE /* Localizable.strings */ = {
			isa = PBXVariantGroup;
			children = (
				3565C62B1EA41D2500C696DE /* Base */,
				3565C62C1EA41D2500C696DE /* en */,
			);
			name = Localizable.strings;
			sourceTree = "<group>";
		};
/* End PBXVariantGroup section */

/* Begin XCBuildConfiguration section */
		3565C6041EA3C1CF00C696DE /* Debug */ = {
			isa = XCBuildConfiguration;
			buildSettings = {
				ALWAYS_SEARCH_USER_PATHS = NO;
				CLANG_ANALYZER_NONNULL = YES;
				CLANG_ANALYZER_NUMBER_OBJECT_CONVERSION = YES_AGGRESSIVE;
				CLANG_CXX_LANGUAGE_STANDARD = "gnu++0x";
				CLANG_CXX_LIBRARY = "libc++";
				CLANG_ENABLE_MODULES = YES;
				CLANG_ENABLE_OBJC_ARC = YES;
				CLANG_WARN_BOOL_CONVERSION = YES;
				CLANG_WARN_CONSTANT_CONVERSION = YES;
				CLANG_WARN_DIRECT_OBJC_ISA_USAGE = YES_ERROR;
				CLANG_WARN_DOCUMENTATION_COMMENTS = YES;
				CLANG_WARN_EMPTY_BODY = YES;
				CLANG_WARN_ENUM_CONVERSION = YES;
				CLANG_WARN_INFINITE_RECURSION = YES;
				CLANG_WARN_INT_CONVERSION = YES;
				CLANG_WARN_OBJC_ROOT_CLASS = YES_ERROR;
				CLANG_WARN_SUSPICIOUS_MOVE = YES;
				CLANG_WARN_UNREACHABLE_CODE = YES;
				CLANG_WARN__DUPLICATE_METHOD_MATCH = YES;
				"CODE_SIGN_IDENTITY[sdk=iphoneos*]" = "iPhone Developer";
				COPY_PHASE_STRIP = NO;
				DEBUG_INFORMATION_FORMAT = dwarf;
				ENABLE_STRICT_OBJC_MSGSEND = YES;
				ENABLE_TESTABILITY = YES;
				GCC_C_LANGUAGE_STANDARD = gnu99;
				GCC_DYNAMIC_NO_PIC = NO;
				GCC_NO_COMMON_BLOCKS = YES;
				GCC_OPTIMIZATION_LEVEL = 0;
				GCC_PREPROCESSOR_DEFINITIONS = (
					"DEBUG=1",
					"$(inherited)",
				);
				GCC_WARN_64_TO_32_BIT_CONVERSION = YES;
				GCC_WARN_ABOUT_RETURN_TYPE = YES_ERROR;
				GCC_WARN_UNDECLARED_SELECTOR = YES;
				GCC_WARN_UNINITIALIZED_AUTOS = YES_AGGRESSIVE;
				GCC_WARN_UNUSED_FUNCTION = YES;
				GCC_WARN_UNUSED_VARIABLE = YES;
				IPHONEOS_DEPLOYMENT_TARGET = 10.3;
				MTL_ENABLE_DEBUG_INFO = YES;
				ONLY_ACTIVE_ARCH = YES;
				SDKROOT = iphoneos;
				SWIFT_ACTIVE_COMPILATION_CONDITIONS = DEBUG;
				SWIFT_OPTIMIZATION_LEVEL = "-Onone";
				TARGETED_DEVICE_FAMILY = "1,2";
			};
			name = Debug;
		};
		3565C6051EA3C1CF00C696DE /* Release */ = {
			isa = XCBuildConfiguration;
			buildSettings = {
				ALWAYS_SEARCH_USER_PATHS = NO;
				CLANG_ANALYZER_NONNULL = YES;
				CLANG_ANALYZER_NUMBER_OBJECT_CONVERSION = YES_AGGRESSIVE;
				CLANG_CXX_LANGUAGE_STANDARD = "gnu++0x";
				CLANG_CXX_LIBRARY = "libc++";
				CLANG_ENABLE_MODULES = YES;
				CLANG_ENABLE_OBJC_ARC = YES;
				CLANG_WARN_BOOL_CONVERSION = YES;
				CLANG_WARN_CONSTANT_CONVERSION = YES;
				CLANG_WARN_DIRECT_OBJC_ISA_USAGE = YES_ERROR;
				CLANG_WARN_DOCUMENTATION_COMMENTS = YES;
				CLANG_WARN_EMPTY_BODY = YES;
				CLANG_WARN_ENUM_CONVERSION = YES;
				CLANG_WARN_INFINITE_RECURSION = YES;
				CLANG_WARN_INT_CONVERSION = YES;
				CLANG_WARN_OBJC_ROOT_CLASS = YES_ERROR;
				CLANG_WARN_SUSPICIOUS_MOVE = YES;
				CLANG_WARN_UNREACHABLE_CODE = YES;
				CLANG_WARN__DUPLICATE_METHOD_MATCH = YES;
				"CODE_SIGN_IDENTITY[sdk=iphoneos*]" = "iPhone Developer";
				COPY_PHASE_STRIP = NO;
				DEBUG_INFORMATION_FORMAT = "dwarf-with-dsym";
				ENABLE_NS_ASSERTIONS = NO;
				ENABLE_STRICT_OBJC_MSGSEND = YES;
				GCC_C_LANGUAGE_STANDARD = gnu99;
				GCC_NO_COMMON_BLOCKS = YES;
				GCC_WARN_64_TO_32_BIT_CONVERSION = YES;
				GCC_WARN_ABOUT_RETURN_TYPE = YES_ERROR;
				GCC_WARN_UNDECLARED_SELECTOR = YES;
				GCC_WARN_UNINITIALIZED_AUTOS = YES_AGGRESSIVE;
				GCC_WARN_UNUSED_FUNCTION = YES;
				GCC_WARN_UNUSED_VARIABLE = YES;
				IPHONEOS_DEPLOYMENT_TARGET = 10.3;
				MTL_ENABLE_DEBUG_INFO = NO;
				SDKROOT = iphoneos;
				SWIFT_OPTIMIZATION_LEVEL = "-Owholemodule";
				TARGETED_DEVICE_FAMILY = "1,2";
				VALIDATE_PRODUCT = YES;
			};
			name = Release;
		};
		3565C6071EA3C1CF00C696DE /* Debug */ = {
			isa = XCBuildConfiguration;
			baseConfigurationReference = F16620A47D41E9EB960F7BCF /* Pods-Mindvalley Test.debug.xcconfig */;
			buildSettings = {
				ASSETCATALOG_COMPILER_APPICON_NAME = AppIcon;
				DEVELOPMENT_TEAM = KD87G5Z6MT;
				INFOPLIST_FILE = "Mindvalley Test/Info.plist";
				IPHONEOS_DEPLOYMENT_TARGET = 8.0;
				LD_RUNPATH_SEARCH_PATHS = "$(inherited) @executable_path/Frameworks";
				PRODUCT_BUNDLE_IDENTIFIER = "Moaaz.Al.Thahabee.Mindvalley-Test";
				PRODUCT_NAME = "$(TARGET_NAME)";
				SWIFT_VERSION = 3.0;
			};
			name = Debug;
		};
		3565C6081EA3C1CF00C696DE /* Release */ = {
			isa = XCBuildConfiguration;
			baseConfigurationReference = F0949CC155382301DA1D6440 /* Pods-Mindvalley Test.release.xcconfig */;
			buildSettings = {
				ASSETCATALOG_COMPILER_APPICON_NAME = AppIcon;
				DEVELOPMENT_TEAM = KD87G5Z6MT;
				INFOPLIST_FILE = "Mindvalley Test/Info.plist";
				IPHONEOS_DEPLOYMENT_TARGET = 8.0;
				LD_RUNPATH_SEARCH_PATHS = "$(inherited) @executable_path/Frameworks";
				PRODUCT_BUNDLE_IDENTIFIER = "Moaaz.Al.Thahabee.Mindvalley-Test";
				PRODUCT_NAME = "$(TARGET_NAME)";
				SWIFT_VERSION = 3.0;
			};
			name = Release;
		};
/* End XCBuildConfiguration section */

/* Begin XCConfigurationList section */
		3565C5EF1EA3C1CF00C696DE /* Build configuration list for PBXProject "Mindvalley Test" */ = {
			isa = XCConfigurationList;
			buildConfigurations = (
				3565C6041EA3C1CF00C696DE /* Debug */,
				3565C6051EA3C1CF00C696DE /* Release */,
			);
			defaultConfigurationIsVisible = 0;
			defaultConfigurationName = Release;
		};
		3565C6061EA3C1CF00C696DE /* Build configuration list for PBXNativeTarget "Mindvalley Test" */ = {
			isa = XCConfigurationList;
			buildConfigurations = (
				3565C6071EA3C1CF00C696DE /* Debug */,
				3565C6081EA3C1CF00C696DE /* Release */,
			);
			defaultConfigurationIsVisible = 0;
			defaultConfigurationName = Release;
		};
/* End XCConfigurationList section */
	};
	rootObject = 3565C5EC1EA3C1CF00C696DE /* Project object */;
}
